{
  "nodes": {
    "nixpkgs": {
      "locked": {
        "lastModified": 1638540433,
        "narHash": "sha256-WiKCFavgAujqa+w0l72ikaNR4rT94npJd1jSSafuZjY=",
        "owner": "NixOS",
        "repo": "nixpkgs",
        "rev": "3e892167eb50e66b8ef27d322392b10faa5921ce",
        "type": "github"
      },
      "original": {
        "id": "nixpkgs",
        "type": "indirect"
      }
    },
    "root": {
      "inputs": {
        "nixpkgs": "nixpkgs"
      }
    }
  },
  "root": "root",
  "version": 7
}
