{
  "nodes": {
    "nixpkgs": {
      "locked": {
        "lastModified": 1661102120,
        "narHash": "sha256-SJmNQEWfWVo2kpfhFHbkeF/1HP9ftGleQs0LAdacDyA=",
        "owner": "mschwaig",
        "repo": "nixpkgs",
        "rev": "c57e670b93c7ec8672ee6227f4ce7bcea43d138c",
        "type": "github"
      },
      "original": {
        "owner": "mschwaig",
        "ref": "sd-image-determinism",
        "repo": "nixpkgs",
        "type": "github"
      }
    },
    "root": {
      "inputs": {
        "nixpkgs": "nixpkgs"
      }
    }
  },
  "root": "root",
  "version": 7
}
