{
  "nodes": {
    "nixpkgs": {
      "locked": {
        "lastModified": 1638746033,
        "narHash": "sha256-5bHvOhr18Zn28kjNt3tMVD5w7iZB+mUpJMQtnfMKV10=",
        "owner": "mschwaig",
        "repo": "nixpkgs",
        "rev": "e9fed0e936829b6f19887c91cc003c9d25dfea5b",
        "type": "github"
      },
      "original": {
        "owner": "mschwaig",
        "ref": "sd-image-determinism",
        "repo": "nixpkgs",
        "type": "github"
      }
    },
    "root": {
      "inputs": {
        "nixpkgs": "nixpkgs"
      }
    }
  },
  "root": "root",
  "version": 7
}
